// !$*UTF8*$!
{
	archiveVersion = 1;
	classes = {
	};
	objectVersion = 77;
	objects = {

/* Begin PBXBuildFile section */
		086039A12FCF11F3006ED243 /* INGCampaignNetworking in Frameworks */ = {isa = PBXBuildFile; productRef = 086039A02FCF11F3006ED243 /* INGCampaignNetworking */; };
		086039A32FCF11F5006ED243 /* INGCampaignModels in Frameworks */ = {isa = PBXBuildFile; productRef = 086039A22FCF11F5006ED243 /* INGCampaignModels */; };
/* End PBXBuildFile section */

/* Begin PBXContainerItemProxy section */
		086039812FCEFD78006ED243 /* PBXContainerItemProxy */ = {
			isa = PBXContainerItemProxy;
			containerPortal = 0860396B2FCEFD77006ED243 /* Project object */;
			proxyType = 1;
			remoteGlobalIDString = 086039722FCEFD77006ED243;
			remoteInfo = INGCampaign;
		};
		0860398B2FCEFD78006ED243 /* PBXContainerItemProxy */ = {
			isa = PBXContainerItemProxy;
			containerPortal = 0860396B2FCEFD77006ED243 /* Project object */;
			proxyType = 1;
			remoteGlobalIDString = 086039722FCEFD77006ED243;
			remoteInfo = INGCampaign;
		};
/* End PBXContainerItemProxy section */

/* Begin PBXFileReference section */
		086039732FCEFD77006ED243 /* INGCampaign.app */ = {isa = PBXFileReference; explicitFileType = wrapper.application; includeInIndex = 0; path = INGCampaign.app; sourceTree = BUILT_PRODUCTS_DIR; };
		086039802FCEFD78006ED243 /* INGCampaignTests.xctest */ = {isa = PBXFileReference; explicitFileType = wrapper.cfbundle; includeInIndex = 0; path = INGCampaignTests.xctest; sourceTree = BUILT_PRODUCTS_DIR; };
		0860398A2FCEFD78006ED243 /* INGCampaignUITests.xctest */ = {isa = PBXFileReference; explicitFileType = wrapper.cfbundle; includeInIndex = 0; path = INGCampaignUITests.xctest; sourceTree = BUILT_PRODUCTS_DIR; };
		0860399D2FCF0859006ED243 /* INGCampaignModels */ = {isa = PBXFileReference; lastKnownFileType = wrapper; path = INGCampaignModels; sourceTree = "<group>"; };
		0860399E2FCF0FB9006ED243 /* INGCampaignNetworking */ = {isa = PBXFileReference; lastKnownFileType = wrapper; path = INGCampaignNetworking; sourceTree = "<group>"; };
/* End PBXFileReference section */

/* Begin PBXFileSystemSynchronizedRootGroup section */
		086039752FCEFD77006ED243 /* INGCampaign */ = {
			isa = PBXFileSystemSynchronizedRootGroup;
			path = INGCampaign;
			sourceTree = "<group>";
		};
		086039832FCEFD78006ED243 /* INGCampaignTests */ = {
			isa = PBXFileSystemSynchronizedRootGroup;
			path = INGCampaignTests;
			sourceTree = "<group>";
		};
		0860398D2FCEFD78006ED243 /* INGCampaignUITests */ = {
			isa = PBXFileSystemSynchronizedRootGroup;
			path = INGCampaignUITests;
			sourceTree = "<group>";
		};
/* End PBXFileSystemSynchronizedRootGroup section */

/* Begin PBXFrameworksBuildPhase section */
		086039702FCEFD77006ED243 /* Frameworks */ = {
			isa = PBXFrameworksBuildPhase;
			buildActionMask = 2147483647;
			files = (
				086039A12FCF11F3006ED243 /* INGCampaignNetworking in Frameworks */,
				086039A32FCF11F5006ED243 /* INGCampaignModels in Frameworks */,
			);
			runOnlyForDeploymentPostprocessing = 0;
		};
		0860397D2FCEFD78006ED243 /* Frameworks */ = {
			isa = PBXFrameworksBuildPhase;
			buildActionMask = 2147483647;
			files = (
			);
			runOnlyForDeploymentPostprocessing = 0;
		};
		086039872FCEFD78006ED243 /* Frameworks */ = {
			isa = PBXFrameworksBuildPhase;
			buildActionMask = 2147483647;
			files = (
			);
			runOnlyForDeploymentPostprocessing = 0;
		};
/* End PBXFrameworksBuildPhase section */

/* Begin PBXGroup section */
		0860396A2FCEFD77006ED243 = {
			isa = PBXGroup;
			children = (
				0860399E2FCF0FB9006ED243 /* INGCampaignNetworking */,
				0860399D2FCF0859006ED243 /* INGCampaignModels */,
				086039752FCEFD77006ED243 /* INGCampaign */,
				086039832FCEFD78006ED243 /* INGCampaignTests */,
				0860398D2FCEFD78006ED243 /* INGCampaignUITests */,
				0860399F2FCF11F3006ED243 /* Frameworks */,
				086039742FCEFD77006ED243 /* Products */,
			);
			sourceTree = "<group>";
		};
		086039742FCEFD77006ED243 /* Products */ = {
			isa = PBXGroup;
			children = (
				086039732FCEFD77006ED243 /* INGCampaign.app */,
				086039802FCEFD78006ED243 /* INGCampaignTests.xctest */,
				0860398A2FCEFD78006ED243 /* INGCampaignUITests.xctest */,
			);
			name = Products;
			sourceTree = "<group>";
		};
		0860399F2FCF11F3006ED243 /* Frameworks */ = {
			isa = PBXGroup;
			children = (
			);
			name = Frameworks;
			sourceTree = "<group>";
		};
/* End PBXGroup section */

/* Begin PBXNativeTarget section */
		086039722FCEFD77006ED243 /* INGCampaign */ = {
			isa = PBXNativeTarget;
			buildConfigurationList = 086039942FCEFD78006ED243 /* Build configuration list for PBXNativeTarget "INGCampaign" */;
			buildPhases = (
				0860396F2FCEFD77006ED243 /* Sources */,
				086039702FCEFD77006ED243 /* Frameworks */,
				086039712FCEFD77006ED243 /* Resources */,
			);
			buildRules = (
			);
			dependencies = (
			);
			fileSystemSynchronizedGroups = (
				086039752FCEFD77006ED243 /* INGCampaign */,
			);
			name = INGCampaign;
			packageProductDependencies = (
				086039A02FCF11F3006ED243 /* INGCampaignNetworking */,
				086039A22FCF11F5006ED243 /* INGCampaignModels */,
			);
			productName = INGCampaign;
			productReference = 086039732FCEFD77006ED243 /* INGCampaign.app */;
			productType = "com.apple.product-type.application";
		};
		0860397F2FCEFD78006ED243 /* INGCampaignTests */ = {
			isa = PBXNativeTarget;
			buildConfigurationList = 086039972FCEFD78006ED243 /* Build configuration list for PBXNativeTarget "INGCampaignTests" */;
			buildPhases = (
				0860397C2FCEFD78006ED243 /* Sources */,
				0860397D2FCEFD78006ED243 /* Frameworks */,
				0860397E2FCEFD78006ED243 /* Resources */,
			);
			buildRules = (
			);
			dependencies = (
				086039822FCEFD78006ED243 /* PBXTargetDependency */,
			);
			fileSystemSynchronizedGroups = (
				086039832FCEFD78006ED243 /* INGCampaignTests */,
			);
			name = INGCampaignTests;
			packageProductDependencies = (
			);
			productName = INGCampaignTests;
			productReference = 086039802FCEFD78006ED243 /* INGCampaignTests.xctest */;
			productType = "com.apple.product-type.bundle.unit-test";
		};
		086039892FCEFD78006ED243 /* INGCampaignUITests */ = {
			isa = PBXNativeTarget;
			buildConfigurationList = 0860399A2FCEFD78006ED243 /* Build configuration list for PBXNativeTarget "INGCampaignUITests" */;
			buildPhases = (
				086039862FCEFD78006ED243 /* Sources */,
				086039872FCEFD78006ED243 /* Frameworks */,
				086039882FCEFD78006ED243 /* Resources */,
			);
			buildRules = (
			);
			dependencies = (
				0860398C2FCEFD78006ED243 /* PBXTargetDependency */,
			);
			fileSystemSynchronizedGroups = (
				0860398D2FCEFD78006ED243 /* INGCampaignUITests */,
			);
			name = INGCampaignUITests;
			packageProductDependencies = (
			);
			productName = INGCampaignUITests;
			productReference = 0860398A2FCEFD78006ED243 /* INGCampaignUITests.xctest */;
			productType = "com.apple.product-type.bundle.ui-testing";
		};
/* End PBXNativeTarget section */

/* Begin PBXProject section */
		0860396B2FCEFD77006ED243 /* Project object */ = {
			isa = PBXProject;
			attributes = {
				BuildIndependentTargetsInParallel = 1;
				LastSwiftUpdateCheck = 2610;
				LastUpgradeCheck = 2610;
				TargetAttributes = {
					086039722FCEFD77006ED243 = {
						CreatedOnToolsVersion = 26.1.1;
					};
					0860397F2FCEFD78006ED243 = {
						CreatedOnToolsVersion = 26.1.1;
						TestTargetID = 086039722FCEFD77006ED243;
					};
					086039892FCEFD78006ED243 = {
						CreatedOnToolsVersion = 26.1.1;
						TestTargetID = 086039722FCEFD77006ED243;
					};
				};
			};
			buildConfigurationList = 0860396E2FCEFD77006ED243 /* Build configuration list for PBXProject "INGCampaign" */;
			developmentRegion = en;
			hasScannedForEncodings = 0;
			knownRegions = (
				en,
				Base,
			);
			mainGroup = 0860396A2FCEFD77006ED243;
			minimizedProjectReferenceProxies = 1;
			preferredProjectObjectVersion = 77;
			productRefGroup = 086039742FCEFD77006ED243 /* Products */;
			projectDirPath = "";
			projectRoot = "";
			targets = (
				086039722FCEFD77006ED243 /* INGCampaign */,
				0860397F2FCEFD78006ED243 /* INGCampaignTests */,
				086039892FCEFD78006ED243 /* INGCampaignUITests */,
			);
		};
/* End PBXProject section */

/* Begin PBXResourcesBuildPhase section */
		086039712FCEFD77006ED243 /* Resources */ = {
			isa = PBXResourcesBuildPhase;
			buildActionMask = 2147483647;
			files = (
			);
			runOnlyForDeploymentPostprocessing = 0;
		};
		0860397E2FCEFD78006ED243 /* Resources */ = {
			isa = PBXResourcesBuildPhase;
			buildActionMask = 2147483647;
			files = (
			);
			runOnlyForDeploymentPostprocessing = 0;
		};
		086039882FCEFD78006ED243 /* Resources */ = {
			isa = PBXResourcesBuildPhase;
			buildActionMask = 2147483647;
			files = (
			);
			runOnlyForDeploymentPostprocessing = 0;
		};
/* End PBXResourcesBuildPhase section */

/* Begin PBXSourcesBuildPhase section */
		0860396F2FCEFD77006ED243 /* Sources */ = {
			isa = PBXSourcesBuildPhase;
			buildActionMask = 2147483647;
			files = (
			);
			runOnlyForDeploymentPostprocessing = 0;
		};
		0860397C2FCEFD78006ED243 /* Sources */ = {
			isa = PBXSourcesBuildPhase;
			buildActionMask = 2147483647;
			files = (
			);
			runOnlyForDeploymentPostprocessing = 0;
		};
		086039862FCEFD78006ED243 /* Sources */ = {
			isa = PBXSourcesBuildPhase;
			buildActionMask = 2147483647;
			files = (
			);
			runOnlyForDeploymentPostprocessing = 0;
		};
/* End PBXSourcesBuildPhase section */

/* Begin PBXTargetDependency section */
		086039822FCEFD78006ED243 /* PBXTargetDependency */ = {
			isa = PBXTargetDependency;
			target = 086039722FCEFD77006ED243 /* INGCampaign */;
			targetProxy = 086039812FCEFD78006ED243 /* PBXContainerItemProxy */;
		};
		0860398C2FCEFD78006ED243 /* PBXTargetDependency */ = {
			isa = PBXTargetDependency;
			target = 086039722FCEFD77006ED243 /* INGCampaign */;
			targetProxy = 0860398B2FCEFD78006ED243 /* PBXContainerItemProxy */;
		};
/* End PBXTargetDependency section */

/* Begin XCBuildConfiguration section */
		086039922FCEFD78006ED243 /* Debug */ = {
			isa = XCBuildConfiguration;
			buildSettings = {
				ALWAYS_SEARCH_USER_PATHS = NO;
				ASSETCATALOG_COMPILER_GENERATE_SWIFT_ASSET_SYMBOL_EXTENSIONS = YES;
				CLANG_ANALYZER_NONNULL = YES;
				CLANG_ANALYZER_NUMBER_OBJECT_CONVERSION = YES_AGGRESSIVE;
				CLANG_CXX_LANGUAGE_STANDARD = "gnu++20";
				CLANG_ENABLE_MODULES = YES;
				CLANG_ENABLE_OBJC_ARC = YES;
				CLANG_ENABLE_OBJC_WEAK = YES;
				CLANG_WARN_BLOCK_CAPTURE_AUTORELEASING = YES;
				CLANG_WARN_BOOL_CONVERSION = YES;
				CLANG_WARN_COMMA = YES;
				CLANG_WARN_CONSTANT_CONVERSION = YES;
				CLANG_WARN_DEPRECATED_OBJC_IMPLEMENTATIONS = YES;
				CLANG_WARN_DIRECT_OBJC_ISA_USAGE = YES_ERROR;
				CLANG_WARN_DOCUMENTATION_COMMENTS = YES;
				CLANG_WARN_EMPTY_BODY = YES;
				CLANG_WARN_ENUM_CONVERSION = YES;
				CLANG_WARN_INFINITE_RECURSION = YES;
				CLANG_WARN_INT_CONVERSION = YES;
				CLANG_WARN_NON_LITERAL_NULL_CONVERSION = YES;
				CLANG_WARN_OBJC_IMPLICIT_RETAIN_SELF = YES;
				CLANG_WARN_OBJC_LITERAL_CONVERSION = YES;
				CLANG_WARN_OBJC_ROOT_CLASS = YES_ERROR;
				CLANG_WARN_QUOTED_INCLUDE_IN_FRAMEWORK_HEADER = YES;
				CLANG_WARN_RANGE_LOOP_ANALYSIS = YES;
				CLANG_WARN_STRICT_PROTOTYPES = YES;
				CLANG_WARN_SUSPICIOUS_MOVE = YES;
				CLANG_WARN_UNGUARDED_AVAILABILITY = YES_AGGRESSIVE;
				CLANG_WARN_UNREACHABLE_CODE = YES;
				CLANG_WARN__DUPLICATE_METHOD_MATCH = YES;
				COPY_PHASE_STRIP = NO;
				DEBUG_INFORMATION_FORMAT = dwarf;
				DEVELOPMENT_TEAM = BZZBJFJ438;
				ENABLE_STRICT_OBJC_MSGSEND = YES;
				ENABLE_TESTABILITY = YES;
				ENABLE_USER_SCRIPT_SANDBOXING = YES;
				GCC_C_LANGUAGE_STANDARD = gnu17;
				GCC_DYNAMIC_NO_PIC = NO;
				GCC_NO_COMMON_BLOCKS = YES;
				GCC_OPTIMIZATION_LEVEL = 0;
				GCC_PREPROCESSOR_DEFINITIONS = (
					"DEBUG=1",
					"$(inherited)",
				);
				GCC_WARN_64_TO_32_BIT_CONVERSION = YES;
				GCC_WARN_ABOUT_RETURN_TYPE = YES_ERROR;
				GCC_WARN_UNDECLARED_SELECTOR = YES;
				GCC_WARN_UNINITIALIZED_AUTOS = YES_AGGRESSIVE;
				GCC_WARN_UNUSED_FUNCTION = YES;
				GCC_WARN_UNUSED_VARIABLE = YES;
				IPHONEOS_DEPLOYMENT_TARGET = 26.1;
				LOCALIZATION_PREFERS_STRING_CATALOGS = YES;
				MTL_ENABLE_DEBUG_INFO = INCLUDE_SOURCE;
				MTL_FAST_MATH = YES;
				ONLY_ACTIVE_ARCH = YES;
				SDKROOT = iphoneos;
				SWIFT_ACTIVE_COMPILATION_CONDITIONS = "DEBUG $(inherited)";
				SWIFT_OPTIMIZATION_LEVEL = "-Onone";
			};
			name = Debug;
		};
		086039932FCEFD78006ED243 /* Release */ = {
			isa = XCBuildConfiguration;
			buildSettings = {
				ALWAYS_SEARCH_USER_PATHS = NO;
				ASSETCATALOG_COMPILER_GENERATE_SWIFT_ASSET_SYMBOL_EXTENSIONS = YES;
				CLANG_ANALYZER_NONNULL = YES;
				CLANG_ANALYZER_NUMBER_OBJECT_CONVERSION = YES_AGGRESSIVE;
				CLANG_CXX_LANGUAGE_STANDARD = "gnu++20";
				CLANG_ENABLE_MODULES = YES;
				CLANG_ENABLE_OBJC_ARC = YES;
				CLANG_ENABLE_OBJC_WEAK = YES;
				CLANG_WARN_BLOCK_CAPTURE_AUTORELEASING = YES;
				CLANG_WARN_BOOL_CONVERSION = YES;
				CLANG_WARN_COMMA = YES;
				CLANG_WARN_CONSTANT_CONVERSION = YES;
				CLANG_WARN_DEPRECATED_OBJC_IMPLEMENTATIONS = YES;
				CLANG_WARN_DIRECT_OBJC_ISA_USAGE = YES_ERROR;
				CLANG_WARN_DOCUMENTATION_COMMENTS = YES;
				CLANG_WARN_EMPTY_BODY = YES;
				CLANG_WARN_ENUM_CONVERSION = YES;
				CLANG_WARN_INFINITE_RECURSION = YES;
				CLANG_WARN_INT_CONVERSION = YES;
				CLANG_WARN_NON_LITERAL_NULL_CONVERSION = YES;
				CLANG_WARN_OBJC_IMPLICIT_RETAIN_SELF = YES;
				CLANG_WARN_OBJC_LITERAL_CONVERSION = YES;
				CLANG_WARN_OBJC_ROOT_CLASS = YES_ERROR;
				CLANG_WARN_QUOTED_INCLUDE_IN_FRAMEWORK_HEADER = YES;
				CLANG_WARN_RANGE_LOOP_ANALYSIS = YES;
				CLANG_WARN_STRICT_PROTOTYPES = YES;
				CLANG_WARN_SUSPICIOUS_MOVE = YES;
				CLANG_WARN_UNGUARDED_AVAILABILITY = YES_AGGRESSIVE;
				CLANG_WARN_UNREACHABLE_CODE = YES;
				CLANG_WARN__DUPLICATE_METHOD_MATCH = YES;
				COPY_PHASE_STRIP = NO;
				DEBUG_INFORMATION_FORMAT = "dwarf-with-dsym";
				DEVELOPMENT_TEAM = BZZBJFJ438;
				ENABLE_NS_ASSERTIONS = NO;
				ENABLE_STRICT_OBJC_MSGSEND = YES;
				ENABLE_USER_SCRIPT_SANDBOXING = YES;
				GCC_C_LANGUAGE_STANDARD = gnu17;
				GCC_NO_COMMON_BLOCKS = YES;
				GCC_WARN_64_TO_32_BIT_CONVERSION = YES;
				GCC_WARN_ABOUT_RETURN_TYPE = YES_ERROR;
				GCC_WARN_UNDECLARED_SELECTOR = YES;
				GCC_WARN_UNINITIALIZED_AUTOS = YES_AGGRESSIVE;
				GCC_WARN_UNUSED_FUNCTION = YES;
				GCC_WARN_UNUSED_VARIABLE = YES;
				IPHONEOS_DEPLOYMENT_TARGET = 26.1;
				LOCALIZATION_PREFERS_STRING_CATALOGS = YES;
				MTL_ENABLE_DEBUG_INFO = NO;
				MTL_FAST_MATH = YES;
				SDKROOT = iphoneos;
				SWIFT_COMPILATION_MODE = wholemodule;
				VALIDATE_PRODUCT = YES;
			};
			name = Release;
		};
		086039952FCEFD78006ED243 /* Debug */ = {
			isa = XCBuildConfiguration;
			buildSettings = {
				ASSETCATALOG_COMPILER_APPICON_NAME = AppIcon;
				ASSETCATALOG_COMPILER_GLOBAL_ACCENT_COLOR_NAME = AccentColor;
				CODE_SIGN_STYLE = Automatic;
				CURRENT_PROJECT_VERSION = 1;
				DEVELOPMENT_TEAM = BZZBJFJ438;
				ENABLE_PREVIEWS = YES;
				GENERATE_INFOPLIST_FILE = YES;
				INFOPLIST_KEY_UIApplicationSceneManifest_Generation = YES;
				INFOPLIST_KEY_UIApplicationSupportsIndirectInputEvents = YES;
				INFOPLIST_KEY_UILaunchScreen_Generation = YES;
				INFOPLIST_KEY_UISupportedInterfaceOrientations = UIInterfaceOrientationPortrait;
				INFOPLIST_KEY_UISupportedInterfaceOrientations_iPad = "UIInterfaceOrientationLandscapeLeft UIInterfaceOrientationLandscapeRight UIInterfaceOrientationPortrait UIInterfaceOrientationPortraitUpsideDown";
				IPHONEOS_DEPLOYMENT_TARGET = 18.6;
				LD_RUNPATH_SEARCH_PATHS = (
					"$(inherited)",
					"@executable_path/Frameworks",
				);
				MARKETING_VERSION = 1.0;
				PRODUCT_BUNDLE_IDENTIFIER = eu.artep.assignment.ing.INGCampaign;
				PRODUCT_NAME = "$(TARGET_NAME)";
				STRING_CATALOG_GENERATE_SYMBOLS = YES;
				SWIFT_APPROACHABLE_CONCURRENCY = YES;
				SWIFT_DEFAULT_ACTOR_ISOLATION = MainActor;
				SWIFT_EMIT_LOC_STRINGS = YES;
				SWIFT_UPCOMING_FEATURE_MEMBER_IMPORT_VISIBILITY = YES;
				SWIFT_VERSION = 5.0;
				TARGETED_DEVICE_FAMILY = "1,2";
			};
			name = Debug;
		};
		086039962FCEFD78006ED243 /* Release */ = {
			isa = XCBuildConfiguration;
			buildSettings = {
				ASSETCATALOG_COMPILER_APPICON_NAME = AppIcon;
				ASSETCATALOG_COMPILER_GLOBAL_ACCENT_COLOR_NAME = AccentColor;
				CODE_SIGN_STYLE = Automatic;
				CURRENT_PROJECT_VERSION = 1;
				DEVELOPMENT_TEAM = BZZBJFJ438;
				ENABLE_PREVIEWS = YES;
				GENERATE_INFOPLIST_FILE = YES;
				INFOPLIST_KEY_UIApplicationSceneManifest_Generation = YES;
				INFOPLIST_KEY_UIApplicationSupportsIndirectInputEvents = YES;
				INFOPLIST_KEY_UILaunchScreen_Generation = YES;
				INFOPLIST_KEY_UISupportedInterfaceOrientations = UIInterfaceOrientationPortrait;
				INFOPLIST_KEY_UISupportedInterfaceOrientations_iPad = "UIInterfaceOrientationLandscapeLeft UIInterfaceOrientationLandscapeRight UIInterfaceOrientationPortrait UIInterfaceOrientationPortraitUpsideDown";
				IPHONEOS_DEPLOYMENT_TARGET = 18.6;
				LD_RUNPATH_SEARCH_PATHS = (
					"$(inherited)",
					"@executable_path/Frameworks",
				);
				MARKETING_VERSION = 1.0;
				PRODUCT_BUNDLE_IDENTIFIER = eu.artep.assignment.ing.INGCampaign;
				PRODUCT_NAME = "$(TARGET_NAME)";
				STRING_CATALOG_GENERATE_SYMBOLS = YES;
				SWIFT_APPROACHABLE_CONCURRENCY = YES;
				SWIFT_DEFAULT_ACTOR_ISOLATION = MainActor;
				SWIFT_EMIT_LOC_STRINGS = YES;
				SWIFT_UPCOMING_FEATURE_MEMBER_IMPORT_VISIBILITY = YES;
				SWIFT_VERSION = 5.0;
				TARGETED_DEVICE_FAMILY = "1,2";
			};
			name = Release;
		};
		086039982FCEFD78006ED243 /* Debug */ = {
			isa = XCBuildConfiguration;
			buildSettings = {
				BUNDLE_LOADER = "$(TEST_HOST)";
				CODE_SIGN_STYLE = Automatic;
				CURRENT_PROJECT_VERSION = 1;
				DEVELOPMENT_TEAM = BZZBJFJ438;
				GENERATE_INFOPLIST_FILE = YES;
				IPHONEOS_DEPLOYMENT_TARGET = 26.1;
				MARKETING_VERSION = 1.0;
				PRODUCT_BUNDLE_IDENTIFIER = eu.artep.assignment.ing.INGCampaignTests;
				PRODUCT_NAME = "$(TARGET_NAME)";
				STRING_CATALOG_GENERATE_SYMBOLS = NO;
				SWIFT_APPROACHABLE_CONCURRENCY = YES;
				SWIFT_EMIT_LOC_STRINGS = NO;
				SWIFT_UPCOMING_FEATURE_MEMBER_IMPORT_VISIBILITY = YES;
				SWIFT_VERSION = 5.0;
				TARGETED_DEVICE_FAMILY = "1,2";
				TEST_HOST = "$(BUILT_PRODUCTS_DIR)/INGCampaign.app/$(BUNDLE_EXECUTABLE_FOLDER_PATH)/INGCampaign";
			};
			name = Debug;
		};
		086039992FCEFD78006ED243 /* Release */ = {
			isa = XCBuildConfiguration;
			buildSettings = {
				BUNDLE_LOADER = "$(TEST_HOST)";
				CODE_SIGN_STYLE = Automatic;
				CURRENT_PROJECT_VERSION = 1;
				DEVELOPMENT_TEAM = BZZBJFJ438;
				GENERATE_INFOPLIST_FILE = YES;
				IPHONEOS_DEPLOYMENT_TARGET = 26.1;
				MARKETING_VERSION = 1.0;
				PRODUCT_BUNDLE_IDENTIFIER = eu.artep.assignment.ing.INGCampaignTests;
				PRODUCT_NAME = "$(TARGET_NAME)";
				STRING_CATALOG_GENERATE_SYMBOLS = NO;
				SWIFT_APPROACHABLE_CONCURRENCY = YES;
				SWIFT_EMIT_LOC_STRINGS = NO;
				SWIFT_UPCOMING_FEATURE_MEMBER_IMPORT_VISIBILITY = YES;
				SWIFT_VERSION = 5.0;
				TARGETED_DEVICE_FAMILY = "1,2";
				TEST_HOST = "$(BUILT_PRODUCTS_DIR)/INGCampaign.app/$(BUNDLE_EXECUTABLE_FOLDER_PATH)/INGCampaign";
			};
			name = Release;
		};
		0860399B2FCEFD78006ED243 /* Debug */ = {
			isa = XCBuildConfiguration;
			buildSettings = {
				CODE_SIGN_STYLE = Automatic;
				CURRENT_PROJECT_VERSION = 1;
				DEVELOPMENT_TEAM = BZZBJFJ438;
				GENERATE_INFOPLIST_FILE = YES;
				MARKETING_VERSION = 1.0;
				PRODUCT_BUNDLE_IDENTIFIER = eu.artep.assignment.ing.INGCampaignUITests;
				PRODUCT_NAME = "$(TARGET_NAME)";
				STRING_CATALOG_GENERATE_SYMBOLS = NO;
				SWIFT_APPROACHABLE_CONCURRENCY = YES;
				SWIFT_EMIT_LOC_STRINGS = NO;
				SWIFT_UPCOMING_FEATURE_MEMBER_IMPORT_VISIBILITY = YES;
				SWIFT_VERSION = 5.0;
				TARGETED_DEVICE_FAMILY = "1,2";
				TEST_TARGET_NAME = INGCampaign;
			};
			name = Debug;
		};
		0860399C2FCEFD78006ED243 /* Release */ = {
			isa = XCBuildConfiguration;
			buildSettings = {
				CODE_SIGN_STYLE = Automatic;
				CURRENT_PROJECT_VERSION = 1;
				DEVELOPMENT_TEAM = BZZBJFJ438;
				GENERATE_INFOPLIST_FILE = YES;
				MARKETING_VERSION = 1.0;
				PRODUCT_BUNDLE_IDENTIFIER = eu.artep.assignment.ing.INGCampaignUITests;
				PRODUCT_NAME = "$(TARGET_NAME)";
				STRING_CATALOG_GENERATE_SYMBOLS = NO;
				SWIFT_APPROACHABLE_CONCURRENCY = YES;
				SWIFT_EMIT_LOC_STRINGS = NO;
				SWIFT_UPCOMING_FEATURE_MEMBER_IMPORT_VISIBILITY = YES;
				SWIFT_VERSION = 5.0;
				TARGETED_DEVICE_FAMILY = "1,2";
				TEST_TARGET_NAME = INGCampaign;
			};
			name = Release;
		};
/* End XCBuildConfiguration section */

/* Begin XCConfigurationList section */
		0860396E2FCEFD77006ED243 /* Build configuration list for PBXProject "INGCampaign" */ = {
			isa = XCConfigurationList;
			buildConfigurations = (
				086039922FCEFD78006ED243 /* Debug */,
				086039932FCEFD78006ED243 /* Release */,
			);
			defaultConfigurationIsVisible = 0;
			defaultConfigurationName = Release;
		};
		086039942FCEFD78006ED243 /* Build configuration list for PBXNativeTarget "INGCampaign" */ = {
			isa = XCConfigurationList;
			buildConfigurations = (
				086039952FCEFD78006ED243 /* Debug */,
				086039962FCEFD78006ED243 /* Release */,
			);
			defaultConfigurationIsVisible = 0;
			defaultConfigurationName = Release;
		};
		086039972FCEFD78006ED243 /* Build configuration list for PBXNativeTarget "INGCampaignTests" */ = {
			isa = XCConfigurationList;
			buildConfigurations = (
				086039982FCEFD78006ED243 /* Debug */,
				086039992FCEFD78006ED243 /* Release */,
			);
			defaultConfigurationIsVisible = 0;
			defaultConfigurationName = Release;
		};
		0860399A2FCEFD78006ED243 /* Build configuration list for PBXNativeTarget "INGCampaignUITests" */ = {
			isa = XCConfigurationList;
			buildConfigurations = (
				0860399B2FCEFD78006ED243 /* Debug */,
				0860399C2FCEFD78006ED243 /* Release */,
			);
			defaultConfigurationIsVisible = 0;
			defaultConfigurationName = Release;
		};
/* End XCConfigurationList section */

/* Begin XCSwiftPackageProductDependency section */
		086039A02FCF11F3006ED243 /* INGCampaignNetworking */ = {
			isa = XCSwiftPackageProductDependency;
			productName = INGCampaignNetworking;
		};
		086039A22FCF11F5006ED243 /* INGCampaignModels */ = {
			isa = XCSwiftPackageProductDependency;
			productName = INGCampaignModels;
		};
/* End XCSwiftPackageProductDependency section */
	};
	rootObject = 0860396B2FCEFD77006ED243 /* Project object */;
}
